{
  "object": {
    "pins": [
      {
        "package": "ApphudSDK",
        "repositoryURL": "https://github.com/apphud/ApphudSDK",
        "state": {
          "branch": null,
          "revision": "8a8e345ff7c31ef8221b93bd9814e3381fd5654e",
          "version": "2.8.1"
        }
      },
      {
        "package": "CameraManager",
        "repositoryURL": "https://github.com/imaginary-cloud/CameraManager",
        "state": {
          "branch": "master",
          "revision": "660d7b8326f43ab1721620cd4729b3928c8a767b",
          "version": null
        }
      },
      {
        "package": "YandexMobileMetrica",
        "repositoryURL": "https://github.com/yandexmobile/metrica-sdk-ios",
        "state": {
          "branch": "master",
          "revision": "3994299f8b07efd44a973aff407527ccfa0fa35d",
          "version": null
        }
      }
    ]
  },
  "version": 1
}
